
Microsoft Visual Studio Solution File, Format Version 12.00
# Visual Studio Version 16
VisualStudioVersion = 16.0.32510.428
MinimumVisualStudioVersion = 10.0.40219.1
Project("{FAE04EC0-301F-11D3-BF4B-00C04F79EFBC}") = "IradukundaLahaiRois_3875144_VRA704_Ass1", "IradukundaLahaiRois_3875144_VRA704_Ass1.csproj", "{04818B02-2167-4B54-B34F-F0C811840768}"
EndProject
Global
	GlobalSection(SolutionConfigurationPlatforms) = preSolution
		Debug|Any CPU = Debug|Any CPU
		Release|Any CPU = Release|Any CPU
	EndGlobalSection
	GlobalSection(ProjectConfigurationPlatforms) = postSolution
		{04818B02-2167-4B54-B34F-F0C811840768}.Debug|Any CPU.ActiveCfg = Debug|Any CPU
		{04818B02-2167-4B54-B34F-F0C811840768}.Debug|Any CPU.Build.0 = Debug|Any CPU
		{04818B02-2167-4B54-B34F-F0C811840768}.Release|Any CPU.ActiveCfg = Release|Any CPU
		{04818B02-2167-4B54-B34F-F0C811840768}.Release|Any CPU.Build.0 = Release|Any CPU
	EndGlobalSection
	GlobalSection(SolutionProperties) = preSolution
		HideSolutionNode = FALSE
	EndGlobalSection
	GlobalSection(ExtensibilityGlobals) = postSolution
		SolutionGuid = {E19B07B7-512D-4760-90E6-D0E9843F1075}
	EndGlobalSection
EndGlobal
